
Microsoft Visual Studio Solution File, Format Version 12.00
# Visual Studio Version 17
VisualStudioVersion = 17.11.35327.3
MinimumVisualStudioVersion = 10.0.40219.1
Project("{9A19103F-16F7-4668-BE54-9A1E7A4F7556}") = "verdeconecta", "verdeconecta\verdeconecta.csproj", "{78EA4A8A-E722-45C8-91C8-8533D7ECC2B8}"
EndProject
Global
	GlobalSection(SolutionConfigurationPlatforms) = preSolution
		Debug|Any CPU = Debug|Any CPU
		Release|Any CPU = Release|Any CPU
	EndGlobalSection
	GlobalSection(ProjectConfigurationPlatforms) = postSolution
		{78EA4A8A-E722-45C8-91C8-8533D7ECC2B8}.Debug|Any CPU.ActiveCfg = Debug|Any CPU
		{78EA4A8A-E722-45C8-91C8-8533D7ECC2B8}.Debug|Any CPU.Build.0 = Debug|Any CPU
		{78EA4A8A-E722-45C8-91C8-8533D7ECC2B8}.Release|Any CPU.ActiveCfg = Release|Any CPU
		{78EA4A8A-E722-45C8-91C8-8533D7ECC2B8}.Release|Any CPU.Build.0 = Release|Any CPU
	EndGlobalSection
	GlobalSection(SolutionProperties) = preSolution
		HideSolutionNode = FALSE
	EndGlobalSection
	GlobalSection(ExtensibilityGlobals) = postSolution
		SolutionGuid = {657F6CE2-DAEE-48CE-981B-AD17FDEA0039}
	EndGlobalSection
EndGlobal
